
Microsoft Visual Studio Solution File, Format Version 12.00
# Visual Studio 2013
VisualStudioVersion = 12.0.21005.1
MinimumVisualStudioVersion = 10.0.40219.1
Project("{FAE04EC0-301F-11D3-BF4B-00C04F79EFBC}") = "Homework", "Homework\Homework.csproj", "{A72BF89C-5B58-4142-B701-2200C3E34382}"
EndProject
Project("{FAE04EC0-301F-11D3-BF4B-00C04F79EFBC}") = "HomeworkTests", "HomeworkTests\HomeworkTests.csproj", "{701B48B9-8350-4C6C-8172-300083D97592}"
EndProject
Global
	GlobalSection(SolutionConfigurationPlatforms) = preSolution
		Debug|Any CPU = Debug|Any CPU
		Release|Any CPU = Release|Any CPU
	EndGlobalSection
	GlobalSection(ProjectConfigurationPlatforms) = postSolution
		{A72BF89C-5B58-4142-B701-2200C3E34382}.Debug|Any CPU.ActiveCfg = Debug|Any CPU
		{A72BF89C-5B58-4142-B701-2200C3E34382}.Debug|Any CPU.Build.0 = Debug|Any CPU
		{A72BF89C-5B58-4142-B701-2200C3E34382}.Release|Any CPU.ActiveCfg = Release|Any CPU
		{A72BF89C-5B58-4142-B701-2200C3E34382}.Release|Any CPU.Build.0 = Release|Any CPU
		{701B48B9-8350-4C6C-8172-300083D97592}.Debug|Any CPU.ActiveCfg = Debug|Any CPU
		{701B48B9-8350-4C6C-8172-300083D97592}.Debug|Any CPU.Build.0 = Debug|Any CPU
		{701B48B9-8350-4C6C-8172-300083D97592}.Release|Any CPU.ActiveCfg = Release|Any CPU
		{701B48B9-8350-4C6C-8172-300083D97592}.Release|Any CPU.Build.0 = Release|Any CPU
	EndGlobalSection
	GlobalSection(SolutionProperties) = preSolution
		HideSolutionNode = FALSE
	EndGlobalSection
EndGlobal
